# This file was autogenerated by uv via the following command:
#    uv pip compile pyproject.toml
a2a-types==0.1.0
    # via fast-agent-mcp
aiohappyeyeballs==2.6.1
    # via aiohttp
aiohttp==3.12.9
    # via fast-agent-mcp
aiosignal==1.3.2
    # via aiohttp
annotated-types==0.7.0
    # via pydantic
anthropic==0.52.2
    # via fast-agent-mcp
anyio==4.9.0
    # via
    #   anthropic
    #   google-genai
    #   httpx
    #   mcp
    #   openai
    #   sse-starlette
    #   starlette
attrs==25.3.0
    # via aiohttp
azure-core==1.34.0
    # via azure-identity
azure-identity==1.23.0
    # via fast-agent-mcp
cachetools==5.5.2
    # via google-auth
certifi==2025.4.26
    # via
    #   httpcore
    #   httpx
    #   requests
cffi==1.17.1
    # via cryptography
charset-normalizer==3.4.2
    # via requests
click==8.2.1
    # via
    #   typer
    #   uvicorn
cryptography==45.0.3
    # via
    #   azure-identity
    #   msal
    #   pyjwt
distro==1.9.0
    # via
    #   anthropic
    #   openai
fast-agent-mcp==0.2.28
    # via veratemple (pyproject.toml)
fastapi==0.115.12
    # via fast-agent-mcp
frozenlist==1.6.2
    # via
    #   aiohttp
    #   aiosignal
google-auth==2.40.3
    # via google-genai
google-genai==1.19.0
    # via fast-agent-mcp
googleapis-common-protos==1.70.0
    # via opentelemetry-exporter-otlp-proto-http
h11==0.16.0
    # via
    #   httpcore
    #   uvicorn
httpcore==1.0.9
    # via httpx
httpx==0.28.1
    # via
    #   anthropic
    #   google-genai
    #   mcp
    #   openai
    #   tensorzero
httpx-sse==0.4.0
    # via mcp
idna==3.10
    # via
    #   anyio
    #   httpx
    #   requests
    #   yarl
importlib-metadata==8.7.0
    # via opentelemetry-api
jiter==0.10.0
    # via
    #   anthropic
    #   openai
markdown-it-py==3.0.0
    # via rich
mcp==1.9.1
    # via fast-agent-mcp
mdurl==0.1.2
    # via markdown-it-py
msal==1.32.3
    # via
    #   azure-identity
    #   msal-extensions
msal-extensions==1.3.1
    # via azure-identity
multidict==6.4.4
    # via
    #   aiohttp
    #   yarl
openai==1.84.0
    # via fast-agent-mcp
opentelemetry-api==1.34.0
    # via
    #   opentelemetry-distro
    #   opentelemetry-exporter-otlp-proto-http
    #   opentelemetry-instrumentation
    #   opentelemetry-instrumentation-anthropic
    #   opentelemetry-instrumentation-google-genai
    #   opentelemetry-instrumentation-mcp
    #   opentelemetry-instrumentation-openai
    #   opentelemetry-sdk
    #   opentelemetry-semantic-conventions
opentelemetry-distro==0.55b0
    # via fast-agent-mcp
opentelemetry-exporter-otlp-proto-common==1.34.0
    # via opentelemetry-exporter-otlp-proto-http
opentelemetry-exporter-otlp-proto-http==1.34.0
    # via fast-agent-mcp
opentelemetry-instrumentation==0.55b0
    # via
    #   opentelemetry-distro
    #   opentelemetry-instrumentation-anthropic
    #   opentelemetry-instrumentation-google-genai
    #   opentelemetry-instrumentation-mcp
    #   opentelemetry-instrumentation-openai
opentelemetry-instrumentation-anthropic==0.40.7
    # via fast-agent-mcp
opentelemetry-instrumentation-google-genai==0.2b0
    # via fast-agent-mcp
opentelemetry-instrumentation-mcp==0.40.7
    # via fast-agent-mcp
opentelemetry-instrumentation-openai==0.40.7
    # via fast-agent-mcp
opentelemetry-proto==1.34.0
    # via
    #   opentelemetry-exporter-otlp-proto-common
    #   opentelemetry-exporter-otlp-proto-http
opentelemetry-sdk==1.34.0
    # via
    #   opentelemetry-distro
    #   opentelemetry-exporter-otlp-proto-http
opentelemetry-semantic-conventions==0.55b0
    # via
    #   opentelemetry-instrumentation
    #   opentelemetry-instrumentation-anthropic
    #   opentelemetry-instrumentation-google-genai
    #   opentelemetry-instrumentation-mcp
    #   opentelemetry-instrumentation-openai
    #   opentelemetry-sdk
opentelemetry-semantic-conventions-ai==0.4.9
    # via
    #   opentelemetry-instrumentation-anthropic
    #   opentelemetry-instrumentation-mcp
    #   opentelemetry-instrumentation-openai
packaging==25.0
    # via opentelemetry-instrumentation
prompt-toolkit==3.0.51
    # via fast-agent-mcp
propcache==0.3.1
    # via
    #   aiohttp
    #   yarl
protobuf==5.29.5
    # via
    #   googleapis-common-protos
    #   opentelemetry-proto
pyasn1==0.6.1
    # via
    #   pyasn1-modules
    #   rsa
pyasn1-modules==0.4.2
    # via google-auth
pycparser==2.22
    # via cffi
pydantic==2.11.5
    # via
    #   a2a-types
    #   anthropic
    #   fast-agent-mcp
    #   fastapi
    #   google-genai
    #   mcp
    #   openai
    #   pydantic-settings
pydantic-core==2.33.2
    # via pydantic
pydantic-settings==2.9.1
    # via
    #   fast-agent-mcp
    #   mcp
pygments==2.19.1
    # via rich
pyjwt==2.10.1
    # via msal
python-dotenv==1.1.0
    # via pydantic-settings
python-multipart==0.0.20
    # via mcp
pyyaml==6.0.2
    # via fast-agent-mcp
regex==2024.11.6
    # via tiktoken
requests==2.32.3
    # via
    #   azure-core
    #   google-genai
    #   msal
    #   opentelemetry-exporter-otlp-proto-http
    #   tiktoken
rich==14.0.0
    # via
    #   fast-agent-mcp
    #   typer
rsa==4.9.1
    # via google-auth
shellingham==1.5.4
    # via typer
six==1.17.0
    # via azure-core
sniffio==1.3.1
    # via
    #   anthropic
    #   anyio
    #   openai
sse-starlette==2.3.6
    # via mcp
starlette==0.46.2
    # via
    #   fastapi
    #   mcp
tensorzero==2025.6.0
    # via fast-agent-mcp
tiktoken==0.9.0
    # via opentelemetry-instrumentation-openai
tqdm==4.67.1
    # via openai
typer==0.16.0
    # via fast-agent-mcp
typing-extensions==4.14.0
    # via
    #   anthropic
    #   anyio
    #   azure-core
    #   azure-identity
    #   fastapi
    #   google-genai
    #   openai
    #   opentelemetry-api
    #   opentelemetry-exporter-otlp-proto-http
    #   opentelemetry-sdk
    #   opentelemetry-semantic-conventions
    #   pydantic
    #   pydantic-core
    #   tensorzero
    #   typer
    #   typing-inspection
typing-inspection==0.4.1
    # via
    #   pydantic
    #   pydantic-settings
urllib3==2.4.0
    # via requests
uuid-utils==0.11.0
    # via tensorzero
uvicorn==0.34.3
    # via mcp
wcwidth==0.2.13
    # via prompt-toolkit
websockets==15.0.1
    # via google-genai
wrapt==1.17.2
    # via opentelemetry-instrumentation
yarl==1.20.0
    # via aiohttp
zipp==3.22.0
    # via importlib-metadata
